
Microsoft Visual Studio Solution File, Format Version 12.00
# Visual Studio 15
VisualStudioVersion = 15.0.27703.2018
MinimumVisualStudioVersion = 10.0.40219.1
Project("{FAE04EC0-301F-11D3-BF4B-00C04F79EFBC}") = "App02_TipoPaginaXF.Android", "App02_TipoPaginaXF\App02_TipoPaginaXF.Android\App02_TipoPaginaXF.Android.csproj", "{E0F6753D-003A-4EA0-AAD6-C4739345E464}"
EndProject
Project("{FAE04EC0-301F-11D3-BF4B-00C04F79EFBC}") = "App02_TipoPaginaXF.iOS", "App02_TipoPaginaXF\App02_TipoPaginaXF.iOS\App02_TipoPaginaXF.iOS.csproj", "{25015CEB-D807-4C4E-9EF1-3146CCD2EDE0}"
EndProject
Project("{FAE04EC0-301F-11D3-BF4B-00C04F79EFBC}") = "App02_TipoPaginaXF.UWP", "App02_TipoPaginaXF\App02_TipoPaginaXF.UWP\App02_TipoPaginaXF.UWP.csproj", "{E59DF523-8E35-4045-BC60-F937DEC06ADD}"
EndProject
Project("{FAE04EC0-301F-11D3-BF4B-00C04F79EFBC}") = "App02_TipoPaginaXF", "App02_TipoPaginaXF\App02_TipoPaginaXF\App02_TipoPaginaXF.csproj", "{CC1144CB-741C-4087-8BE1-91552DC932F7}"
EndProject
Global
	GlobalSection(SolutionConfigurationPlatforms) = preSolution
		Ad-Hoc|Any CPU = Ad-Hoc|Any CPU
		Ad-Hoc|ARM = Ad-Hoc|ARM
		Ad-Hoc|iPhone = Ad-Hoc|iPhone
		Ad-Hoc|iPhoneSimulator = Ad-Hoc|iPhoneSimulator
		Ad-Hoc|x64 = Ad-Hoc|x64
		Ad-Hoc|x86 = Ad-Hoc|x86
		AppStore|Any CPU = AppStore|Any CPU
		AppStore|ARM = AppStore|ARM
		AppStore|iPhone = AppStore|iPhone
		AppStore|iPhoneSimulator = AppStore|iPhoneSimulator
		AppStore|x64 = AppStore|x64
		AppStore|x86 = AppStore|x86
		Debug|Any CPU = Debug|Any CPU
		Debug|ARM = Debug|ARM
		Debug|iPhone = Debug|iPhone
		Debug|iPhoneSimulator = Debug|iPhoneSimulator
		Debug|x64 = Debug|x64
		Debug|x86 = Debug|x86
		Release|Any CPU = Release|Any CPU
		Release|ARM = Release|ARM
		Release|iPhone = Release|iPhone
		Release|iPhoneSimulator = Release|iPhoneSimulator
		Release|x64 = Release|x64
		Release|x86 = Release|x86
	EndGlobalSection
	GlobalSection(ProjectConfigurationPlatforms) = postSolution
		{E0F6753D-003A-4EA0-AAD6-C4739345E464}.Ad-Hoc|Any CPU.ActiveCfg = Release|Any CPU
		{E0F6753D-003A-4EA0-AAD6-C4739345E464}.Ad-Hoc|Any CPU.Build.0 = Release|Any CPU
		{E0F6753D-003A-4EA0-AAD6-C4739345E464}.Ad-Hoc|Any CPU.Deploy.0 = Release|Any CPU
		{E0F6753D-003A-4EA0-AAD6-C4739345E464}.Ad-Hoc|ARM.ActiveCfg = Release|Any CPU
		{E0F6753D-003A-4EA0-AAD6-C4739345E464}.Ad-Hoc|ARM.Build.0 = Release|Any CPU
		{E0F6753D-003A-4EA0-AAD6-C4739345E464}.Ad-Hoc|ARM.Deploy.0 = Release|Any CPU
		{E0F6753D-003A-4EA0-AAD6-C4739345E464}.Ad-Hoc|iPhone.ActiveCfg = Release|Any CPU
		{E0F6753D-003A-4EA0-AAD6-C4739345E464}.Ad-Hoc|iPhone.Build.0 = Release|Any CPU
		{E0F6753D-003A-4EA0-AAD6-C4739345E464}.Ad-Hoc|iPhone.Deploy.0 = Release|Any CPU
		{E0F6753D-003A-4EA0-AAD6-C4739345E464}.Ad-Hoc|iPhoneSimulator.ActiveCfg = Release|Any CPU
		{E0F6753D-003A-4EA0-AAD6-C4739345E464}.Ad-Hoc|iPhoneSimulator.Build.0 = Release|Any CPU
		{E0F6753D-003A-4EA0-AAD6-C4739345E464}.Ad-Hoc|iPhoneSimulator.Deploy.0 = Release|Any CPU
		{E0F6753D-003A-4EA0-AAD6-C4739345E464}.Ad-Hoc|x64.ActiveCfg = Release|Any CPU
		{E0F6753D-003A-4EA0-AAD6-C4739345E464}.Ad-Hoc|x64.Build.0 = Release|Any CPU
		{E0F6753D-003A-4EA0-AAD6-C4739345E464}.Ad-Hoc|x64.Deploy.0 = Release|Any CPU
		{E0F6753D-003A-4EA0-AAD6-C4739345E464}.Ad-Hoc|x86.ActiveCfg = Release|Any CPU
		{E0F6753D-003A-4EA0-AAD6-C4739345E464}.Ad-Hoc|x86.Build.0 = Release|Any CPU
		{E0F6753D-003A-4EA0-AAD6-C4739345E464}.Ad-Hoc|x86.Deploy.0 = Release|Any CPU
		{E0F6753D-003A-4EA0-AAD6-C4739345E464}.AppStore|Any CPU.ActiveCfg = Release|Any CPU
		{E0F6753D-003A-4EA0-AAD6-C4739345E464}.AppStore|Any CPU.Build.0 = Release|Any CPU
		{E0F6753D-003A-4EA0-AAD6-C4739345E464}.AppStore|Any CPU.Deploy.0 = Release|Any CPU
		{E0F6753D-003A-4EA0-AAD6-C4739345E464}.AppStore|ARM.ActiveCfg = Release|Any CPU
		{E0F6753D-003A-4EA0-AAD6-C4739345E464}.AppStore|ARM.Build.0 = Release|Any CPU
		{E0F6753D-003A-4EA0-AAD6-C4739345E464}.AppStore|ARM.Deploy.0 = Release|Any CPU
		{E0F6753D-003A-4EA0-AAD6-C4739345E464}.AppStore|iPhone.ActiveCfg = Release|Any CPU
		{E0F6753D-003A-4EA0-AAD6-C4739345E464}.AppStore|iPhone.Build.0 = Release|Any CPU
		{E0F6753D-003A-4EA0-AAD6-C4739345E464}.AppStore|iPhone.Deploy.0 = Release|Any CPU
		{E0F6753D-003A-4EA0-AAD6-C4739345E464}.AppStore|iPhoneSimulator.ActiveCfg = Release|Any CPU
		{E0F6753D-003A-4EA0-AAD6-C4739345E464}.AppStore|iPhoneSimulator.Build.0 = Release|Any CPU
		{E0F6753D-003A-4EA0-AAD6-C4739345E464}.AppStore|iPhoneSimulator.Deploy.0 = Release|Any CPU
		{E0F6753D-003A-4EA0-AAD6-C4739345E464}.AppStore|x64.ActiveCfg = Release|Any CPU
		{E0F6753D-003A-4EA0-AAD6-C4739345E464}.AppStore|x64.Build.0 = Release|Any CPU
		{E0F6753D-003A-4EA0-AAD6-C4739345E464}.AppStore|x64.Deploy.0 = Release|Any CPU
		{E0F6753D-003A-4EA0-AAD6-C4739345E464}.AppStore|x86.ActiveCfg = Release|Any CPU
		{E0F6753D-003A-4EA0-AAD6-C4739345E464}.AppStore|x86.Build.0 = Release|Any CPU
		{E0F6753D-003A-4EA0-AAD6-C4739345E464}.AppStore|x86.Deploy.0 = Release|Any CPU
		{E0F6753D-003A-4EA0-AAD6-C4739345E464}.Debug|Any CPU.ActiveCfg = Debug|Any CPU
		{E0F6753D-003A-4EA0-AAD6-C4739345E464}.Debug|Any CPU.Build.0 = Debug|Any CPU
		{E0F6753D-003A-4EA0-AAD6-C4739345E464}.Debug|Any CPU.Deploy.0 = Debug|Any CPU
		{E0F6753D-003A-4EA0-AAD6-C4739345E464}.Debug|ARM.ActiveCfg = Debug|Any CPU
		{E0F6753D-003A-4EA0-AAD6-C4739345E464}.Debug|ARM.Build.0 = Debug|Any CPU
		{E0F6753D-003A-4EA0-AAD6-C4739345E464}.Debug|ARM.Deploy.0 = Debug|Any CPU
		{E0F6753D-003A-4EA0-AAD6-C4739345E464}.Debug|iPhone.ActiveCfg = Debug|Any CPU
		{E0F6753D-003A-4EA0-AAD6-C4739345E464}.Debug|iPhone.Build.0 = Debug|Any CPU
		{E0F6753D-003A-4EA0-AAD6-C4739345E464}.Debug|iPhone.Deploy.0 = Debug|Any CPU
		{E0F6753D-003A-4EA0-AAD6-C4739345E464}.Debug|iPhoneSimulator.ActiveCfg = Debug|Any CPU
		{E0F6753D-003A-4EA0-AAD6-C4739345E464}.Debug|iPhoneSimulator.Build.0 = Debug|Any CPU
		{E0F6753D-003A-4EA0-AAD6-C4739345E464}.Debug|iPhoneSimulator.Deploy.0 = Debug|Any CPU
		{E0F6753D-003A-4EA0-AAD6-C4739345E464}.Debug|x64.ActiveCfg = Debug|Any CPU
		{E0F6753D-003A-4EA0-AAD6-C4739345E464}.Debug|x64.Build.0 = Debug|Any CPU
		{E0F6753D-003A-4EA0-AAD6-C4739345E464}.Debug|x64.Deploy.0 = Debug|Any CPU
		{E0F6753D-003A-4EA0-AAD6-C4739345E464}.Debug|x86.ActiveCfg = Debug|Any CPU
		{E0F6753D-003A-4EA0-AAD6-C4739345E464}.Debug|x86.Build.0 = Debug|Any CPU
		{E0F6753D-003A-4EA0-AAD6-C4739345E464}.Debug|x86.Deploy.0 = Debug|Any CPU
		{E0F6753D-003A-4EA0-AAD6-C4739345E464}.Release|Any CPU.ActiveCfg = Release|Any CPU
		{E0F6753D-003A-4EA0-AAD6-C4739345E464}.Release|Any CPU.Build.0 = Release|Any CPU
		{E0F6753D-003A-4EA0-AAD6-C4739345E464}.Release|Any CPU.Deploy.0 = Release|Any CPU
		{E0F6753D-003A-4EA0-AAD6-C4739345E464}.Release|ARM.ActiveCfg = Release|Any CPU
		{E0F6753D-003A-4EA0-AAD6-C4739345E464}.Release|ARM.Build.0 = Release|Any CPU
		{E0F6753D-003A-4EA0-AAD6-C4739345E464}.Release|ARM.Deploy.0 = Release|Any CPU
		{E0F6753D-003A-4EA0-AAD6-C4739345E464}.Release|iPhone.ActiveCfg = Release|Any CPU
		{E0F6753D-003A-4EA0-AAD6-C4739345E464}.Release|iPhone.Build.0 = Release|Any CPU
		{E0F6753D-003A-4EA0-AAD6-C4739345E464}.Release|iPhone.Deploy.0 = Release|Any CPU
		{E0F6753D-003A-4EA0-AAD6-C4739345E464}.Release|iPhoneSimulator.ActiveCfg = Release|Any CPU
		{E0F6753D-003A-4EA0-AAD6-C4739345E464}.Release|iPhoneSimulator.Build.0 = Release|Any CPU
		{E0F6753D-003A-4EA0-AAD6-C4739345E464}.Release|iPhoneSimulator.Deploy.0 = Release|Any CPU
		{E0F6753D-003A-4EA0-AAD6-C4739345E464}.Release|x64.ActiveCfg = Release|Any CPU
		{E0F6753D-003A-4EA0-AAD6-C4739345E464}.Release|x64.Build.0 = Release|Any CPU
		{E0F6753D-003A-4EA0-AAD6-C4739345E464}.Release|x64.Deploy.0 = Release|Any CPU
		{E0F6753D-003A-4EA0-AAD6-C4739345E464}.Release|x86.ActiveCfg = Release|Any CPU
		{E0F6753D-003A-4EA0-AAD6-C4739345E464}.Release|x86.Build.0 = Release|Any CPU
		{E0F6753D-003A-4EA0-AAD6-C4739345E464}.Release|x86.Deploy.0 = Release|Any CPU
		{25015CEB-D807-4C4E-9EF1-3146CCD2EDE0}.Ad-Hoc|Any CPU.ActiveCfg = Ad-Hoc|iPhone
		{25015CEB-D807-4C4E-9EF1-3146CCD2EDE0}.Ad-Hoc|Any CPU.Build.0 = Ad-Hoc|iPhone
		{25015CEB-D807-4C4E-9EF1-3146CCD2EDE0}.Ad-Hoc|Any CPU.Deploy.0 = Ad-Hoc|iPhone
		{25015CEB-D807-4C4E-9EF1-3146CCD2EDE0}.Ad-Hoc|ARM.ActiveCfg = Ad-Hoc|iPhone
		{25015CEB-D807-4C4E-9EF1-3146CCD2EDE0}.Ad-Hoc|ARM.Build.0 = Ad-Hoc|iPhone
		{25015CEB-D807-4C4E-9EF1-3146CCD2EDE0}.Ad-Hoc|ARM.Deploy.0 = Ad-Hoc|iPhone
		{25015CEB-D807-4C4E-9EF1-3146CCD2EDE0}.Ad-Hoc|iPhone.ActiveCfg = Ad-Hoc|iPhone
		{25015CEB-D807-4C4E-9EF1-3146CCD2EDE0}.Ad-Hoc|iPhone.Build.0 = Ad-Hoc|iPhone
		{25015CEB-D807-4C4E-9EF1-3146CCD2EDE0}.Ad-Hoc|iPhone.Deploy.0 = Ad-Hoc|iPhone
		{25015CEB-D807-4C4E-9EF1-3146CCD2EDE0}.Ad-Hoc|iPhoneSimulator.ActiveCfg = Ad-Hoc|iPhoneSimulator
		{25015CEB-D807-4C4E-9EF1-3146CCD2EDE0}.Ad-Hoc|iPhoneSimulator.Build.0 = Ad-Hoc|iPhoneSimulator
		{25015CEB-D807-4C4E-9EF1-3146CCD2EDE0}.Ad-Hoc|iPhoneSimulator.Deploy.0 = Ad-Hoc|iPhoneSimulator
		{25015CEB-D807-4C4E-9EF1-3146CCD2EDE0}.Ad-Hoc|x64.ActiveCfg = Ad-Hoc|iPhone
		{25015CEB-D807-4C4E-9EF1-3146CCD2EDE0}.Ad-Hoc|x64.Build.0 = Ad-Hoc|iPhone
		{25015CEB-D807-4C4E-9EF1-3146CCD2EDE0}.Ad-Hoc|x64.Deploy.0 = Ad-Hoc|iPhone
		{25015CEB-D807-4C4E-9EF1-3146CCD2EDE0}.Ad-Hoc|x86.ActiveCfg = Ad-Hoc|iPhone
		{25015CEB-D807-4C4E-9EF1-3146CCD2EDE0}.Ad-Hoc|x86.Build.0 = Ad-Hoc|iPhone
		{25015CEB-D807-4C4E-9EF1-3146CCD2EDE0}.Ad-Hoc|x86.Deploy.0 = Ad-Hoc|iPhone
		{25015CEB-D807-4C4E-9EF1-3146CCD2EDE0}.AppStore|Any CPU.ActiveCfg = AppStore|iPhone
		{25015CEB-D807-4C4E-9EF1-3146CCD2EDE0}.AppStore|Any CPU.Build.0 = AppStore|iPhone
		{25015CEB-D807-4C4E-9EF1-3146CCD2EDE0}.AppStore|Any CPU.Deploy.0 = AppStore|iPhone
		{25015CEB-D807-4C4E-9EF1-3146CCD2EDE0}.AppStore|ARM.ActiveCfg = AppStore|iPhone
		{25015CEB-D807-4C4E-9EF1-3146CCD2EDE0}.AppStore|ARM.Build.0 = AppStore|iPhone
		{25015CEB-D807-4C4E-9EF1-3146CCD2EDE0}.AppStore|ARM.Deploy.0 = AppStore|iPhone
		{25015CEB-D807-4C4E-9EF1-3146CCD2EDE0}.AppStore|iPhone.ActiveCfg = AppStore|iPhone
		{25015CEB-D807-4C4E-9EF1-3146CCD2EDE0}.AppStore|iPhone.Build.0 = AppStore|iPhone
		{25015CEB-D807-4C4E-9EF1-3146CCD2EDE0}.AppStore|iPhone.Deploy.0 = AppStore|iPhone
		{25015CEB-D807-4C4E-9EF1-3146CCD2EDE0}.AppStore|iPhoneSimulator.ActiveCfg = AppStore|iPhoneSimulator
		{25015CEB-D807-4C4E-9EF1-3146CCD2EDE0}.AppStore|iPhoneSimulator.Build.0 = AppStore|iPhoneSimulator
		{25015CEB-D807-4C4E-9EF1-3146CCD2EDE0}.AppStore|iPhoneSimulator.Deploy.0 = AppStore|iPhoneSimulator
		{25015CEB-D807-4C4E-9EF1-3146CCD2EDE0}.AppStore|x64.ActiveCfg = AppStore|iPhone
		{25015CEB-D807-4C4E-9EF1-3146CCD2EDE0}.AppStore|x64.Build.0 = AppStore|iPhone
		{25015CEB-D807-4C4E-9EF1-3146CCD2EDE0}.AppStore|x64.Deploy.0 = AppStore|iPhone
		{25015CEB-D807-4C4E-9EF1-3146CCD2EDE0}.AppStore|x86.ActiveCfg = AppStore|iPhone
		{25015CEB-D807-4C4E-9EF1-3146CCD2EDE0}.AppStore|x86.Build.0 = AppStore|iPhone
		{25015CEB-D807-4C4E-9EF1-3146CCD2EDE0}.AppStore|x86.Deploy.0 = AppStore|iPhone
		{25015CEB-D807-4C4E-9EF1-3146CCD2EDE0}.Debug|Any CPU.ActiveCfg = Debug|iPhoneSimulator
		{25015CEB-D807-4C4E-9EF1-3146CCD2EDE0}.Debug|Any CPU.Build.0 = Debug|iPhoneSimulator
		{25015CEB-D807-4C4E-9EF1-3146CCD2EDE0}.Debug|Any CPU.Deploy.0 = Debug|iPhoneSimulator
		{25015CEB-D807-4C4E-9EF1-3146CCD2EDE0}.Debug|ARM.ActiveCfg = Debug|iPhone
		{25015CEB-D807-4C4E-9EF1-3146CCD2EDE0}.Debug|ARM.Build.0 = Debug|iPhone
		{25015CEB-D807-4C4E-9EF1-3146CCD2EDE0}.Debug|ARM.Deploy.0 = Debug|iPhone
		{25015CEB-D807-4C4E-9EF1-3146CCD2EDE0}.Debug|iPhone.ActiveCfg = Debug|iPhone
		{25015CEB-D807-4C4E-9EF1-3146CCD2EDE0}.Debug|iPhone.Build.0 = Debug|iPhone
		{25015CEB-D807-4C4E-9EF1-3146CCD2EDE0}.Debug|iPhone.Deploy.0 = Debug|iPhone
		{25015CEB-D807-4C4E-9EF1-3146CCD2EDE0}.Debug|iPhoneSimulator.ActiveCfg = Debug|iPhoneSimulator
		{25015CEB-D807-4C4E-9EF1-3146CCD2EDE0}.Debug|iPhoneSimulator.Build.0 = Debug|iPhoneSimulator
		{25015CEB-D807-4C4E-9EF1-3146CCD2EDE0}.Debug|iPhoneSimulator.Deploy.0 = Debug|iPhoneSimulator
		{25015CEB-D807-4C4E-9EF1-3146CCD2EDE0}.Debug|x64.ActiveCfg = Debug|iPhone
		{25015CEB-D807-4C4E-9EF1-3146CCD2EDE0}.Debug|x64.Build.0 = Debug|iPhone
		{25015CEB-D807-4C4E-9EF1-3146CCD2EDE0}.Debug|x64.Deploy.0 = Debug|iPhone
		{25015CEB-D807-4C4E-9EF1-3146CCD2EDE0}.Debug|x86.ActiveCfg = Debug|iPhone
		{25015CEB-D807-4C4E-9EF1-3146CCD2EDE0}.Debug|x86.Build.0 = Debug|iPhone
		{25015CEB-D807-4C4E-9EF1-3146CCD2EDE0}.Debug|x86.Deploy.0 = Debug|iPhone
		{25015CEB-D807-4C4E-9EF1-3146CCD2EDE0}.Release|Any CPU.ActiveCfg = Release|iPhone
		{25015CEB-D807-4C4E-9EF1-3146CCD2EDE0}.Release|Any CPU.Build.0 = Release|iPhone
		{25015CEB-D807-4C4E-9EF1-3146CCD2EDE0}.Release|Any CPU.Deploy.0 = Release|iPhone
		{25015CEB-D807-4C4E-9EF1-3146CCD2EDE0}.Release|ARM.ActiveCfg = Release|iPhone
		{25015CEB-D807-4C4E-9EF1-3146CCD2EDE0}.Release|ARM.Build.0 = Release|iPhone
		{25015CEB-D807-4C4E-9EF1-3146CCD2EDE0}.Release|ARM.Deploy.0 = Release|iPhone
		{25015CEB-D807-4C4E-9EF1-3146CCD2EDE0}.Release|iPhone.ActiveCfg = Release|iPhone
		{25015CEB-D807-4C4E-9EF1-3146CCD2EDE0}.Release|iPhone.Build.0 = Release|iPhone
		{25015CEB-D807-4C4E-9EF1-3146CCD2EDE0}.Release|iPhone.Deploy.0 = Release|iPhone
		{25015CEB-D807-4C4E-9EF1-3146CCD2EDE0}.Release|iPhoneSimulator.ActiveCfg = Release|iPhoneSimulator
		{25015CEB-D807-4C4E-9EF1-3146CCD2EDE0}.Release|iPhoneSimulator.Build.0 = Release|iPhoneSimulator
		{25015CEB-D807-4C4E-9EF1-3146CCD2EDE0}.Release|iPhoneSimulator.Deploy.0 = Release|iPhoneSimulator
		{25015CEB-D807-4C4E-9EF1-3146CCD2EDE0}.Release|x64.ActiveCfg = Release|iPhone
		{25015CEB-D807-4C4E-9EF1-3146CCD2EDE0}.Release|x64.Build.0 = Release|iPhone
		{25015CEB-D807-4C4E-9EF1-3146CCD2EDE0}.Release|x64.Deploy.0 = Release|iPhone
		{25015CEB-D807-4C4E-9EF1-3146CCD2EDE0}.Release|x86.ActiveCfg = Release|iPhone
		{25015CEB-D807-4C4E-9EF1-3146CCD2EDE0}.Release|x86.Build.0 = Release|iPhone
		{25015CEB-D807-4C4E-9EF1-3146CCD2EDE0}.Release|x86.Deploy.0 = Release|iPhone
		{E59DF523-8E35-4045-BC60-F937DEC06ADD}.Ad-Hoc|Any CPU.ActiveCfg = Release|x86
		{E59DF523-8E35-4045-BC60-F937DEC06ADD}.Ad-Hoc|Any CPU.Build.0 = Release|x86
		{E59DF523-8E35-4045-BC60-F937DEC06ADD}.Ad-Hoc|Any CPU.Deploy.0 = Release|x86
		{E59DF523-8E35-4045-BC60-F937DEC06ADD}.Ad-Hoc|ARM.ActiveCfg = Release|ARM
		{E59DF523-8E35-4045-BC60-F937DEC06ADD}.Ad-Hoc|ARM.Build.0 = Release|ARM
		{E59DF523-8E35-4045-BC60-F937DEC06ADD}.Ad-Hoc|ARM.Deploy.0 = Release|ARM
		{E59DF523-8E35-4045-BC60-F937DEC06ADD}.Ad-Hoc|iPhone.ActiveCfg = Release|x86
		{E59DF523-8E35-4045-BC60-F937DEC06ADD}.Ad-Hoc|iPhone.Build.0 = Release|x86
		{E59DF523-8E35-4045-BC60-F937DEC06ADD}.Ad-Hoc|iPhone.Deploy.0 = Release|x86
		{E59DF523-8E35-4045-BC60-F937DEC06ADD}.Ad-Hoc|iPhoneSimulator.ActiveCfg = Release|x86
		{E59DF523-8E35-4045-BC60-F937DEC06ADD}.Ad-Hoc|iPhoneSimulator.Build.0 = Release|x86
		{E59DF523-8E35-4045-BC60-F937DEC06ADD}.Ad-Hoc|iPhoneSimulator.Deploy.0 = Release|x86
		{E59DF523-8E35-4045-BC60-F937DEC06ADD}.Ad-Hoc|x64.ActiveCfg = Release|x64
		{E59DF523-8E35-4045-BC60-F937DEC06ADD}.Ad-Hoc|x64.Build.0 = Release|x64
		{E59DF523-8E35-4045-BC60-F937DEC06ADD}.Ad-Hoc|x64.Deploy.0 = Release|x64
		{E59DF523-8E35-4045-BC60-F937DEC06ADD}.Ad-Hoc|x86.ActiveCfg = Release|x86
		{E59DF523-8E35-4045-BC60-F937DEC06ADD}.Ad-Hoc|x86.Build.0 = Release|x86
		{E59DF523-8E35-4045-BC60-F937DEC06ADD}.Ad-Hoc|x86.Deploy.0 = Release|x86
		{E59DF523-8E35-4045-BC60-F937DEC06ADD}.AppStore|Any CPU.ActiveCfg = Release|x86
		{E59DF523-8E35-4045-BC60-F937DEC06ADD}.AppStore|Any CPU.Build.0 = Release|x86
		{E59DF523-8E35-4045-BC60-F937DEC06ADD}.AppStore|Any CPU.Deploy.0 = Release|x86
		{E59DF523-8E35-4045-BC60-F937DEC06ADD}.AppStore|ARM.ActiveCfg = Release|ARM
		{E59DF523-8E35-4045-BC60-F937DEC06ADD}.AppStore|ARM.Build.0 = Release|ARM
		{E59DF523-8E35-4045-BC60-F937DEC06ADD}.AppStore|ARM.Deploy.0 = Release|ARM
		{E59DF523-8E35-4045-BC60-F937DEC06ADD}.AppStore|iPhone.ActiveCfg = Release|x86
		{E59DF523-8E35-4045-BC60-F937DEC06ADD}.AppStore|iPhone.Build.0 = Release|x86
		{E59DF523-8E35-4045-BC60-F937DEC06ADD}.AppStore|iPhone.Deploy.0 = Release|x86
		{E59DF523-8E35-4045-BC60-F937DEC06ADD}.AppStore|iPhoneSimulator.ActiveCfg = Release|x86
		{E59DF523-8E35-4045-BC60-F937DEC06ADD}.AppStore|iPhoneSimulator.Build.0 = Release|x86
		{E59DF523-8E35-4045-BC60-F937DEC06ADD}.AppStore|iPhoneSimulator.Deploy.0 = Release|x86
		{E59DF523-8E35-4045-BC60-F937DEC06ADD}.AppStore|x64.ActiveCfg = Release|x64
		{E59DF523-8E35-4045-BC60-F937DEC06ADD}.AppStore|x64.Build.0 = Release|x64
		{E59DF523-8E35-4045-BC60-F937DEC06ADD}.AppStore|x64.Deploy.0 = Release|x64
		{E59DF523-8E35-4045-BC60-F937DEC06ADD}.AppStore|x86.ActiveCfg = Release|x86
		{E59DF523-8E35-4045-BC60-F937DEC06ADD}.AppStore|x86.Build.0 = Release|x86
		{E59DF523-8E35-4045-BC60-F937DEC06ADD}.AppStore|x86.Deploy.0 = Release|x86
		{E59DF523-8E35-4045-BC60-F937DEC06ADD}.Debug|Any CPU.ActiveCfg = Debug|x86
		{E59DF523-8E35-4045-BC60-F937DEC06ADD}.Debug|Any CPU.Build.0 = Debug|x86
		{E59DF523-8E35-4045-BC60-F937DEC06ADD}.Debug|Any CPU.Deploy.0 = Debug|x86
		{E59DF523-8E35-4045-BC60-F937DEC06ADD}.Debug|ARM.ActiveCfg = Debug|ARM
		{E59DF523-8E35-4045-BC60-F937DEC06ADD}.Debug|ARM.Build.0 = Debug|ARM
		{E59DF523-8E35-4045-BC60-F937DEC06ADD}.Debug|ARM.Deploy.0 = Debug|ARM
		{E59DF523-8E35-4045-BC60-F937DEC06ADD}.Debug|iPhone.ActiveCfg = Debug|x86
		{E59DF523-8E35-4045-BC60-F937DEC06ADD}.Debug|iPhone.Build.0 = Debug|x86
		{E59DF523-8E35-4045-BC60-F937DEC06ADD}.Debug|iPhone.Deploy.0 = Debug|x86
		{E59DF523-8E35-4045-BC60-F937DEC06ADD}.Debug|iPhoneSimulator.ActiveCfg = Debug|x86
		{E59DF523-8E35-4045-BC60-F937DEC06ADD}.Debug|iPhoneSimulator.Build.0 = Debug|x86
		{E59DF523-8E35-4045-BC60-F937DEC06ADD}.Debug|iPhoneSimulator.Deploy.0 = Debug|x86
		{E59DF523-8E35-4045-BC60-F937DEC06ADD}.Debug|x64.ActiveCfg = Debug|x64
		{E59DF523-8E35-4045-BC60-F937DEC06ADD}.Debug|x64.Build.0 = Debug|x64
		{E59DF523-8E35-4045-BC60-F937DEC06ADD}.Debug|x64.Deploy.0 = Debug|x64
		{E59DF523-8E35-4045-BC60-F937DEC06ADD}.Debug|x86.ActiveCfg = Debug|x86
		{E59DF523-8E35-4045-BC60-F937DEC06ADD}.Debug|x86.Build.0 = Debug|x86
		{E59DF523-8E35-4045-BC60-F937DEC06ADD}.Debug|x86.Deploy.0 = Debug|x86
		{E59DF523-8E35-4045-BC60-F937DEC06ADD}.Release|Any CPU.ActiveCfg = Release|x86
		{E59DF523-8E35-4045-BC60-F937DEC06ADD}.Release|Any CPU.Build.0 = Release|x86
		{E59DF523-8E35-4045-BC60-F937DEC06ADD}.Release|Any CPU.Deploy.0 = Release|x86
		{E59DF523-8E35-4045-BC60-F937DEC06ADD}.Release|ARM.ActiveCfg = Release|ARM
		{E59DF523-8E35-4045-BC60-F937DEC06ADD}.Release|ARM.Build.0 = Release|ARM
		{E59DF523-8E35-4045-BC60-F937DEC06ADD}.Release|ARM.Deploy.0 = Release|ARM
		{E59DF523-8E35-4045-BC60-F937DEC06ADD}.Release|iPhone.ActiveCfg = Release|x86
		{E59DF523-8E35-4045-BC60-F937DEC06ADD}.Release|iPhone.Build.0 = Release|x86
		{E59DF523-8E35-4045-BC60-F937DEC06ADD}.Release|iPhone.Deploy.0 = Release|x86
		{E59DF523-8E35-4045-BC60-F937DEC06ADD}.Release|iPhoneSimulator.ActiveCfg = Release|x86
		{E59DF523-8E35-4045-BC60-F937DEC06ADD}.Release|iPhoneSimulator.Build.0 = Release|x86
		{E59DF523-8E35-4045-BC60-F937DEC06ADD}.Release|iPhoneSimulator.Deploy.0 = Release|x86
		{E59DF523-8E35-4045-BC60-F937DEC06ADD}.Release|x64.ActiveCfg = Release|x64
		{E59DF523-8E35-4045-BC60-F937DEC06ADD}.Release|x64.Build.0 = Release|x64
		{E59DF523-8E35-4045-BC60-F937DEC06ADD}.Release|x64.Deploy.0 = Release|x64
		{E59DF523-8E35-4045-BC60-F937DEC06ADD}.Release|x86.ActiveCfg = Release|x86
		{E59DF523-8E35-4045-BC60-F937DEC06ADD}.Release|x86.Build.0 = Release|x86
		{E59DF523-8E35-4045-BC60-F937DEC06ADD}.Release|x86.Deploy.0 = Release|x86
		{CC1144CB-741C-4087-8BE1-91552DC932F7}.Ad-Hoc|Any CPU.ActiveCfg = Debug|Any CPU
		{CC1144CB-741C-4087-8BE1-91552DC932F7}.Ad-Hoc|Any CPU.Build.0 = Debug|Any CPU
		{CC1144CB-741C-4087-8BE1-91552DC932F7}.Ad-Hoc|Any CPU.Deploy.0 = Debug|Any CPU
		{CC1144CB-741C-4087-8BE1-91552DC932F7}.Ad-Hoc|ARM.ActiveCfg = Debug|Any CPU
		{CC1144CB-741C-4087-8BE1-91552DC932F7}.Ad-Hoc|ARM.Build.0 = Debug|Any CPU
		{CC1144CB-741C-4087-8BE1-91552DC932F7}.Ad-Hoc|ARM.Deploy.0 = Debug|Any CPU
		{CC1144CB-741C-4087-8BE1-91552DC932F7}.Ad-Hoc|iPhone.ActiveCfg = Debug|Any CPU
		{CC1144CB-741C-4087-8BE1-91552DC932F7}.Ad-Hoc|iPhone.Build.0 = Debug|Any CPU
		{CC1144CB-741C-4087-8BE1-91552DC932F7}.Ad-Hoc|iPhone.Deploy.0 = Debug|Any CPU
		{CC1144CB-741C-4087-8BE1-91552DC932F7}.Ad-Hoc|iPhoneSimulator.ActiveCfg = Debug|Any CPU
		{CC1144CB-741C-4087-8BE1-91552DC932F7}.Ad-Hoc|iPhoneSimulator.Build.0 = Debug|Any CPU
		{CC1144CB-741C-4087-8BE1-91552DC932F7}.Ad-Hoc|iPhoneSimulator.Deploy.0 = Debug|Any CPU
		{CC1144CB-741C-4087-8BE1-91552DC932F7}.Ad-Hoc|x64.ActiveCfg = Debug|Any CPU
		{CC1144CB-741C-4087-8BE1-91552DC932F7}.Ad-Hoc|x64.Build.0 = Debug|Any CPU
		{CC1144CB-741C-4087-8BE1-91552DC932F7}.Ad-Hoc|x64.Deploy.0 = Debug|Any CPU
		{CC1144CB-741C-4087-8BE1-91552DC932F7}.Ad-Hoc|x86.ActiveCfg = Debug|Any CPU
		{CC1144CB-741C-4087-8BE1-91552DC932F7}.Ad-Hoc|x86.Build.0 = Debug|Any CPU
		{CC1144CB-741C-4087-8BE1-91552DC932F7}.Ad-Hoc|x86.Deploy.0 = Debug|Any CPU
		{CC1144CB-741C-4087-8BE1-91552DC932F7}.AppStore|Any CPU.ActiveCfg = Debug|Any CPU
		{CC1144CB-741C-4087-8BE1-91552DC932F7}.AppStore|Any CPU.Build.0 = Debug|Any CPU
		{CC1144CB-741C-4087-8BE1-91552DC932F7}.AppStore|Any CPU.Deploy.0 = Debug|Any CPU
		{CC1144CB-741C-4087-8BE1-91552DC932F7}.AppStore|ARM.ActiveCfg = Debug|Any CPU
		{CC1144CB-741C-4087-8BE1-91552DC932F7}.AppStore|ARM.Build.0 = Debug|Any CPU
		{CC1144CB-741C-4087-8BE1-91552DC932F7}.AppStore|ARM.Deploy.0 = Debug|Any CPU
		{CC1144CB-741C-4087-8BE1-91552DC932F7}.AppStore|iPhone.ActiveCfg = Debug|Any CPU
		{CC1144CB-741C-4087-8BE1-91552DC932F7}.AppStore|iPhone.Build.0 = Debug|Any CPU
		{CC1144CB-741C-4087-8BE1-91552DC932F7}.AppStore|iPhone.Deploy.0 = Debug|Any CPU
		{CC1144CB-741C-4087-8BE1-91552DC932F7}.AppStore|iPhoneSimulator.ActiveCfg = Debug|Any CPU
		{CC1144CB-741C-4087-8BE1-91552DC932F7}.AppStore|iPhoneSimulator.Build.0 = Debug|Any CPU
		{CC1144CB-741C-4087-8BE1-91552DC932F7}.AppStore|iPhoneSimulator.Deploy.0 = Debug|Any CPU
		{CC1144CB-741C-4087-8BE1-91552DC932F7}.AppStore|x64.ActiveCfg = Debug|Any CPU
		{CC1144CB-741C-4087-8BE1-91552DC932F7}.AppStore|x64.Build.0 = Debug|Any CPU
		{CC1144CB-741C-4087-8BE1-91552DC932F7}.AppStore|x64.Deploy.0 = Debug|Any CPU
		{CC1144CB-741C-4087-8BE1-91552DC932F7}.AppStore|x86.ActiveCfg = Debug|Any CPU
		{CC1144CB-741C-4087-8BE1-91552DC932F7}.AppStore|x86.Build.0 = Debug|Any CPU
		{CC1144CB-741C-4087-8BE1-91552DC932F7}.AppStore|x86.Deploy.0 = Debug|Any CPU
		{CC1144CB-741C-4087-8BE1-91552DC932F7}.Debug|Any CPU.ActiveCfg = Debug|Any CPU
		{CC1144CB-741C-4087-8BE1-91552DC932F7}.Debug|Any CPU.Build.0 = Debug|Any CPU
		{CC1144CB-741C-4087-8BE1-91552DC932F7}.Debug|Any CPU.Deploy.0 = Debug|Any CPU
		{CC1144CB-741C-4087-8BE1-91552DC932F7}.Debug|ARM.ActiveCfg = Debug|Any CPU
		{CC1144CB-741C-4087-8BE1-91552DC932F7}.Debug|ARM.Build.0 = Debug|Any CPU
		{CC1144CB-741C-4087-8BE1-91552DC932F7}.Debug|ARM.Deploy.0 = Debug|Any CPU
		{CC1144CB-741C-4087-8BE1-91552DC932F7}.Debug|iPhone.ActiveCfg = Debug|Any CPU
		{CC1144CB-741C-4087-8BE1-91552DC932F7}.Debug|iPhone.Build.0 = Debug|Any CPU
		{CC1144CB-741C-4087-8BE1-91552DC932F7}.Debug|iPhone.Deploy.0 = Debug|Any CPU
		{CC1144CB-741C-4087-8BE1-91552DC932F7}.Debug|iPhoneSimulator.ActiveCfg = Debug|Any CPU
		{CC1144CB-741C-4087-8BE1-91552DC932F7}.Debug|iPhoneSimulator.Build.0 = Debug|Any CPU
		{CC1144CB-741C-4087-8BE1-91552DC932F7}.Debug|iPhoneSimulator.Deploy.0 = Debug|Any CPU
		{CC1144CB-741C-4087-8BE1-91552DC932F7}.Debug|x64.ActiveCfg = Debug|Any CPU
		{CC1144CB-741C-4087-8BE1-91552DC932F7}.Debug|x64.Build.0 = Debug|Any CPU
		{CC1144CB-741C-4087-8BE1-91552DC932F7}.Debug|x64.Deploy.0 = Debug|Any CPU
		{CC1144CB-741C-4087-8BE1-91552DC932F7}.Debug|x86.ActiveCfg = Debug|Any CPU
		{CC1144CB-741C-4087-8BE1-91552DC932F7}.Debug|x86.Build.0 = Debug|Any CPU
		{CC1144CB-741C-4087-8BE1-91552DC932F7}.Debug|x86.Deploy.0 = Debug|Any CPU
		{CC1144CB-741C-4087-8BE1-91552DC932F7}.Release|Any CPU.ActiveCfg = Release|Any CPU
		{CC1144CB-741C-4087-8BE1-91552DC932F7}.Release|Any CPU.Build.0 = Release|Any CPU
		{CC1144CB-741C-4087-8BE1-91552DC932F7}.Release|Any CPU.Deploy.0 = Release|Any CPU
		{CC1144CB-741C-4087-8BE1-91552DC932F7}.Release|ARM.ActiveCfg = Release|Any CPU
		{CC1144CB-741C-4087-8BE1-91552DC932F7}.Release|ARM.Build.0 = Release|Any CPU
		{CC1144CB-741C-4087-8BE1-91552DC932F7}.Release|ARM.Deploy.0 = Release|Any CPU
		{CC1144CB-741C-4087-8BE1-91552DC932F7}.Release|iPhone.ActiveCfg = Release|Any CPU
		{CC1144CB-741C-4087-8BE1-91552DC932F7}.Release|iPhone.Build.0 = Release|Any CPU
		{CC1144CB-741C-4087-8BE1-91552DC932F7}.Release|iPhone.Deploy.0 = Release|Any CPU
		{CC1144CB-741C-4087-8BE1-91552DC932F7}.Release|iPhoneSimulator.ActiveCfg = Release|Any CPU
		{CC1144CB-741C-4087-8BE1-91552DC932F7}.Release|iPhoneSimulator.Build.0 = Release|Any CPU
		{CC1144CB-741C-4087-8BE1-91552DC932F7}.Release|iPhoneSimulator.Deploy.0 = Release|Any CPU
		{CC1144CB-741C-4087-8BE1-91552DC932F7}.Release|x64.ActiveCfg = Release|Any CPU
		{CC1144CB-741C-4087-8BE1-91552DC932F7}.Release|x64.Build.0 = Release|Any CPU
		{CC1144CB-741C-4087-8BE1-91552DC932F7}.Release|x64.Deploy.0 = Release|Any CPU
		{CC1144CB-741C-4087-8BE1-91552DC932F7}.Release|x86.ActiveCfg = Release|Any CPU
		{CC1144CB-741C-4087-8BE1-91552DC932F7}.Release|x86.Build.0 = Release|Any CPU
		{CC1144CB-741C-4087-8BE1-91552DC932F7}.Release|x86.Deploy.0 = Release|Any CPU
	EndGlobalSection
	GlobalSection(SolutionProperties) = preSolution
		HideSolutionNode = FALSE
	EndGlobalSection
	GlobalSection(ExtensibilityGlobals) = postSolution
		SolutionGuid = {42D7A414-F70F-40F2-8836-255C439A4399}
	EndGlobalSection
EndGlobal
