
Microsoft Visual Studio Solution File, Format Version 12.00
# Visual Studio 15
VisualStudioVersion = 15.0.27428.2043
MinimumVisualStudioVersion = 10.0.40219.1
Project("{FAE04EC0-301F-11D3-BF4B-00C04F79EFBC}") = "App01_ConsultaCEP.Android", "App01_ConsultaCEP\App01_ConsultaCEP.Android\App01_ConsultaCEP.Android.csproj", "{1E4366D9-0C97-40ED-8DC8-C050759F18CA}"
EndProject
Project("{FAE04EC0-301F-11D3-BF4B-00C04F79EFBC}") = "App01_ConsultaCEP.iOS", "App01_ConsultaCEP\App01_ConsultaCEP.iOS\App01_ConsultaCEP.iOS.csproj", "{FE7E3D2C-B1C5-47E6-AB8C-4BFBD231AB91}"
EndProject
Project("{FAE04EC0-301F-11D3-BF4B-00C04F79EFBC}") = "App01_ConsultaCEP.UWP", "App01_ConsultaCEP\App01_ConsultaCEP.UWP\App01_ConsultaCEP.UWP.csproj", "{3F3182BB-3379-43E3-ADE6-F1F13529AB4D}"
EndProject
Project("{FAE04EC0-301F-11D3-BF4B-00C04F79EFBC}") = "App01_ConsultaCEP", "App01_ConsultaCEP\App01_ConsultaCEP\App01_ConsultaCEP.csproj", "{75768D4C-24B0-4B38-A9FA-EEADA7E46709}"
EndProject
Global
	GlobalSection(SolutionConfigurationPlatforms) = preSolution
		Ad-Hoc|Any CPU = Ad-Hoc|Any CPU
		Ad-Hoc|ARM = Ad-Hoc|ARM
		Ad-Hoc|iPhone = Ad-Hoc|iPhone
		Ad-Hoc|iPhoneSimulator = Ad-Hoc|iPhoneSimulator
		Ad-Hoc|x64 = Ad-Hoc|x64
		Ad-Hoc|x86 = Ad-Hoc|x86
		AppStore|Any CPU = AppStore|Any CPU
		AppStore|ARM = AppStore|ARM
		AppStore|iPhone = AppStore|iPhone
		AppStore|iPhoneSimulator = AppStore|iPhoneSimulator
		AppStore|x64 = AppStore|x64
		AppStore|x86 = AppStore|x86
		Debug|Any CPU = Debug|Any CPU
		Debug|ARM = Debug|ARM
		Debug|iPhone = Debug|iPhone
		Debug|iPhoneSimulator = Debug|iPhoneSimulator
		Debug|x64 = Debug|x64
		Debug|x86 = Debug|x86
		Release|Any CPU = Release|Any CPU
		Release|ARM = Release|ARM
		Release|iPhone = Release|iPhone
		Release|iPhoneSimulator = Release|iPhoneSimulator
		Release|x64 = Release|x64
		Release|x86 = Release|x86
	EndGlobalSection
	GlobalSection(ProjectConfigurationPlatforms) = postSolution
		{1E4366D9-0C97-40ED-8DC8-C050759F18CA}.Ad-Hoc|Any CPU.ActiveCfg = Release|Any CPU
		{1E4366D9-0C97-40ED-8DC8-C050759F18CA}.Ad-Hoc|Any CPU.Build.0 = Release|Any CPU
		{1E4366D9-0C97-40ED-8DC8-C050759F18CA}.Ad-Hoc|Any CPU.Deploy.0 = Release|Any CPU
		{1E4366D9-0C97-40ED-8DC8-C050759F18CA}.Ad-Hoc|ARM.ActiveCfg = Release|Any CPU
		{1E4366D9-0C97-40ED-8DC8-C050759F18CA}.Ad-Hoc|ARM.Build.0 = Release|Any CPU
		{1E4366D9-0C97-40ED-8DC8-C050759F18CA}.Ad-Hoc|ARM.Deploy.0 = Release|Any CPU
		{1E4366D9-0C97-40ED-8DC8-C050759F18CA}.Ad-Hoc|iPhone.ActiveCfg = Release|Any CPU
		{1E4366D9-0C97-40ED-8DC8-C050759F18CA}.Ad-Hoc|iPhone.Build.0 = Release|Any CPU
		{1E4366D9-0C97-40ED-8DC8-C050759F18CA}.Ad-Hoc|iPhone.Deploy.0 = Release|Any CPU
		{1E4366D9-0C97-40ED-8DC8-C050759F18CA}.Ad-Hoc|iPhoneSimulator.ActiveCfg = Release|Any CPU
		{1E4366D9-0C97-40ED-8DC8-C050759F18CA}.Ad-Hoc|iPhoneSimulator.Build.0 = Release|Any CPU
		{1E4366D9-0C97-40ED-8DC8-C050759F18CA}.Ad-Hoc|iPhoneSimulator.Deploy.0 = Release|Any CPU
		{1E4366D9-0C97-40ED-8DC8-C050759F18CA}.Ad-Hoc|x64.ActiveCfg = Release|Any CPU
		{1E4366D9-0C97-40ED-8DC8-C050759F18CA}.Ad-Hoc|x64.Build.0 = Release|Any CPU
		{1E4366D9-0C97-40ED-8DC8-C050759F18CA}.Ad-Hoc|x64.Deploy.0 = Release|Any CPU
		{1E4366D9-0C97-40ED-8DC8-C050759F18CA}.Ad-Hoc|x86.ActiveCfg = Release|Any CPU
		{1E4366D9-0C97-40ED-8DC8-C050759F18CA}.Ad-Hoc|x86.Build.0 = Release|Any CPU
		{1E4366D9-0C97-40ED-8DC8-C050759F18CA}.Ad-Hoc|x86.Deploy.0 = Release|Any CPU
		{1E4366D9-0C97-40ED-8DC8-C050759F18CA}.AppStore|Any CPU.ActiveCfg = Release|Any CPU
		{1E4366D9-0C97-40ED-8DC8-C050759F18CA}.AppStore|Any CPU.Build.0 = Release|Any CPU
		{1E4366D9-0C97-40ED-8DC8-C050759F18CA}.AppStore|Any CPU.Deploy.0 = Release|Any CPU
		{1E4366D9-0C97-40ED-8DC8-C050759F18CA}.AppStore|ARM.ActiveCfg = Release|Any CPU
		{1E4366D9-0C97-40ED-8DC8-C050759F18CA}.AppStore|ARM.Build.0 = Release|Any CPU
		{1E4366D9-0C97-40ED-8DC8-C050759F18CA}.AppStore|ARM.Deploy.0 = Release|Any CPU
		{1E4366D9-0C97-40ED-8DC8-C050759F18CA}.AppStore|iPhone.ActiveCfg = Release|Any CPU
		{1E4366D9-0C97-40ED-8DC8-C050759F18CA}.AppStore|iPhone.Build.0 = Release|Any CPU
		{1E4366D9-0C97-40ED-8DC8-C050759F18CA}.AppStore|iPhone.Deploy.0 = Release|Any CPU
		{1E4366D9-0C97-40ED-8DC8-C050759F18CA}.AppStore|iPhoneSimulator.ActiveCfg = Release|Any CPU
		{1E4366D9-0C97-40ED-8DC8-C050759F18CA}.AppStore|iPhoneSimulator.Build.0 = Release|Any CPU
		{1E4366D9-0C97-40ED-8DC8-C050759F18CA}.AppStore|iPhoneSimulator.Deploy.0 = Release|Any CPU
		{1E4366D9-0C97-40ED-8DC8-C050759F18CA}.AppStore|x64.ActiveCfg = Release|Any CPU
		{1E4366D9-0C97-40ED-8DC8-C050759F18CA}.AppStore|x64.Build.0 = Release|Any CPU
		{1E4366D9-0C97-40ED-8DC8-C050759F18CA}.AppStore|x64.Deploy.0 = Release|Any CPU
		{1E4366D9-0C97-40ED-8DC8-C050759F18CA}.AppStore|x86.ActiveCfg = Release|Any CPU
		{1E4366D9-0C97-40ED-8DC8-C050759F18CA}.AppStore|x86.Build.0 = Release|Any CPU
		{1E4366D9-0C97-40ED-8DC8-C050759F18CA}.AppStore|x86.Deploy.0 = Release|Any CPU
		{1E4366D9-0C97-40ED-8DC8-C050759F18CA}.Debug|Any CPU.ActiveCfg = Debug|Any CPU
		{1E4366D9-0C97-40ED-8DC8-C050759F18CA}.Debug|Any CPU.Build.0 = Debug|Any CPU
		{1E4366D9-0C97-40ED-8DC8-C050759F18CA}.Debug|Any CPU.Deploy.0 = Debug|Any CPU
		{1E4366D9-0C97-40ED-8DC8-C050759F18CA}.Debug|ARM.ActiveCfg = Debug|Any CPU
		{1E4366D9-0C97-40ED-8DC8-C050759F18CA}.Debug|ARM.Build.0 = Debug|Any CPU
		{1E4366D9-0C97-40ED-8DC8-C050759F18CA}.Debug|ARM.Deploy.0 = Debug|Any CPU
		{1E4366D9-0C97-40ED-8DC8-C050759F18CA}.Debug|iPhone.ActiveCfg = Debug|Any CPU
		{1E4366D9-0C97-40ED-8DC8-C050759F18CA}.Debug|iPhone.Build.0 = Debug|Any CPU
		{1E4366D9-0C97-40ED-8DC8-C050759F18CA}.Debug|iPhone.Deploy.0 = Debug|Any CPU
		{1E4366D9-0C97-40ED-8DC8-C050759F18CA}.Debug|iPhoneSimulator.ActiveCfg = Debug|Any CPU
		{1E4366D9-0C97-40ED-8DC8-C050759F18CA}.Debug|iPhoneSimulator.Build.0 = Debug|Any CPU
		{1E4366D9-0C97-40ED-8DC8-C050759F18CA}.Debug|iPhoneSimulator.Deploy.0 = Debug|Any CPU
		{1E4366D9-0C97-40ED-8DC8-C050759F18CA}.Debug|x64.ActiveCfg = Debug|Any CPU
		{1E4366D9-0C97-40ED-8DC8-C050759F18CA}.Debug|x64.Build.0 = Debug|Any CPU
		{1E4366D9-0C97-40ED-8DC8-C050759F18CA}.Debug|x64.Deploy.0 = Debug|Any CPU
		{1E4366D9-0C97-40ED-8DC8-C050759F18CA}.Debug|x86.ActiveCfg = Debug|Any CPU
		{1E4366D9-0C97-40ED-8DC8-C050759F18CA}.Debug|x86.Build.0 = Debug|Any CPU
		{1E4366D9-0C97-40ED-8DC8-C050759F18CA}.Debug|x86.Deploy.0 = Debug|Any CPU
		{1E4366D9-0C97-40ED-8DC8-C050759F18CA}.Release|Any CPU.ActiveCfg = Release|Any CPU
		{1E4366D9-0C97-40ED-8DC8-C050759F18CA}.Release|Any CPU.Build.0 = Release|Any CPU
		{1E4366D9-0C97-40ED-8DC8-C050759F18CA}.Release|Any CPU.Deploy.0 = Release|Any CPU
		{1E4366D9-0C97-40ED-8DC8-C050759F18CA}.Release|ARM.ActiveCfg = Release|Any CPU
		{1E4366D9-0C97-40ED-8DC8-C050759F18CA}.Release|ARM.Build.0 = Release|Any CPU
		{1E4366D9-0C97-40ED-8DC8-C050759F18CA}.Release|ARM.Deploy.0 = Release|Any CPU
		{1E4366D9-0C97-40ED-8DC8-C050759F18CA}.Release|iPhone.ActiveCfg = Release|Any CPU
		{1E4366D9-0C97-40ED-8DC8-C050759F18CA}.Release|iPhone.Build.0 = Release|Any CPU
		{1E4366D9-0C97-40ED-8DC8-C050759F18CA}.Release|iPhone.Deploy.0 = Release|Any CPU
		{1E4366D9-0C97-40ED-8DC8-C050759F18CA}.Release|iPhoneSimulator.ActiveCfg = Release|Any CPU
		{1E4366D9-0C97-40ED-8DC8-C050759F18CA}.Release|iPhoneSimulator.Build.0 = Release|Any CPU
		{1E4366D9-0C97-40ED-8DC8-C050759F18CA}.Release|iPhoneSimulator.Deploy.0 = Release|Any CPU
		{1E4366D9-0C97-40ED-8DC8-C050759F18CA}.Release|x64.ActiveCfg = Release|Any CPU
		{1E4366D9-0C97-40ED-8DC8-C050759F18CA}.Release|x64.Build.0 = Release|Any CPU
		{1E4366D9-0C97-40ED-8DC8-C050759F18CA}.Release|x64.Deploy.0 = Release|Any CPU
		{1E4366D9-0C97-40ED-8DC8-C050759F18CA}.Release|x86.ActiveCfg = Release|Any CPU
		{1E4366D9-0C97-40ED-8DC8-C050759F18CA}.Release|x86.Build.0 = Release|Any CPU
		{1E4366D9-0C97-40ED-8DC8-C050759F18CA}.Release|x86.Deploy.0 = Release|Any CPU
		{FE7E3D2C-B1C5-47E6-AB8C-4BFBD231AB91}.Ad-Hoc|Any CPU.ActiveCfg = Ad-Hoc|iPhone
		{FE7E3D2C-B1C5-47E6-AB8C-4BFBD231AB91}.Ad-Hoc|ARM.ActiveCfg = Ad-Hoc|iPhone
		{FE7E3D2C-B1C5-47E6-AB8C-4BFBD231AB91}.Ad-Hoc|iPhone.ActiveCfg = Ad-Hoc|iPhone
		{FE7E3D2C-B1C5-47E6-AB8C-4BFBD231AB91}.Ad-Hoc|iPhone.Build.0 = Ad-Hoc|iPhone
		{FE7E3D2C-B1C5-47E6-AB8C-4BFBD231AB91}.Ad-Hoc|iPhoneSimulator.ActiveCfg = Ad-Hoc|iPhoneSimulator
		{FE7E3D2C-B1C5-47E6-AB8C-4BFBD231AB91}.Ad-Hoc|iPhoneSimulator.Build.0 = Ad-Hoc|iPhoneSimulator
		{FE7E3D2C-B1C5-47E6-AB8C-4BFBD231AB91}.Ad-Hoc|x64.ActiveCfg = Ad-Hoc|iPhone
		{FE7E3D2C-B1C5-47E6-AB8C-4BFBD231AB91}.Ad-Hoc|x86.ActiveCfg = Ad-Hoc|iPhone
		{FE7E3D2C-B1C5-47E6-AB8C-4BFBD231AB91}.AppStore|Any CPU.ActiveCfg = AppStore|iPhone
		{FE7E3D2C-B1C5-47E6-AB8C-4BFBD231AB91}.AppStore|ARM.ActiveCfg = AppStore|iPhone
		{FE7E3D2C-B1C5-47E6-AB8C-4BFBD231AB91}.AppStore|iPhone.ActiveCfg = AppStore|iPhone
		{FE7E3D2C-B1C5-47E6-AB8C-4BFBD231AB91}.AppStore|iPhone.Build.0 = AppStore|iPhone
		{FE7E3D2C-B1C5-47E6-AB8C-4BFBD231AB91}.AppStore|iPhoneSimulator.ActiveCfg = AppStore|iPhoneSimulator
		{FE7E3D2C-B1C5-47E6-AB8C-4BFBD231AB91}.AppStore|iPhoneSimulator.Build.0 = AppStore|iPhoneSimulator
		{FE7E3D2C-B1C5-47E6-AB8C-4BFBD231AB91}.AppStore|x64.ActiveCfg = AppStore|iPhone
		{FE7E3D2C-B1C5-47E6-AB8C-4BFBD231AB91}.AppStore|x86.ActiveCfg = AppStore|iPhone
		{FE7E3D2C-B1C5-47E6-AB8C-4BFBD231AB91}.Debug|Any CPU.ActiveCfg = Debug|iPhone
		{FE7E3D2C-B1C5-47E6-AB8C-4BFBD231AB91}.Debug|ARM.ActiveCfg = Debug|iPhone
		{FE7E3D2C-B1C5-47E6-AB8C-4BFBD231AB91}.Debug|iPhone.ActiveCfg = Debug|iPhone
		{FE7E3D2C-B1C5-47E6-AB8C-4BFBD231AB91}.Debug|iPhone.Build.0 = Debug|iPhone
		{FE7E3D2C-B1C5-47E6-AB8C-4BFBD231AB91}.Debug|iPhoneSimulator.ActiveCfg = Debug|iPhoneSimulator
		{FE7E3D2C-B1C5-47E6-AB8C-4BFBD231AB91}.Debug|iPhoneSimulator.Build.0 = Debug|iPhoneSimulator
		{FE7E3D2C-B1C5-47E6-AB8C-4BFBD231AB91}.Debug|x64.ActiveCfg = Debug|iPhone
		{FE7E3D2C-B1C5-47E6-AB8C-4BFBD231AB91}.Debug|x86.ActiveCfg = Debug|iPhone
		{FE7E3D2C-B1C5-47E6-AB8C-4BFBD231AB91}.Release|Any CPU.ActiveCfg = Release|iPhone
		{FE7E3D2C-B1C5-47E6-AB8C-4BFBD231AB91}.Release|ARM.ActiveCfg = Release|iPhone
		{FE7E3D2C-B1C5-47E6-AB8C-4BFBD231AB91}.Release|iPhone.ActiveCfg = Release|iPhone
		{FE7E3D2C-B1C5-47E6-AB8C-4BFBD231AB91}.Release|iPhone.Build.0 = Release|iPhone
		{FE7E3D2C-B1C5-47E6-AB8C-4BFBD231AB91}.Release|iPhoneSimulator.ActiveCfg = Release|iPhoneSimulator
		{FE7E3D2C-B1C5-47E6-AB8C-4BFBD231AB91}.Release|iPhoneSimulator.Build.0 = Release|iPhoneSimulator
		{FE7E3D2C-B1C5-47E6-AB8C-4BFBD231AB91}.Release|x64.ActiveCfg = Release|iPhone
		{FE7E3D2C-B1C5-47E6-AB8C-4BFBD231AB91}.Release|x86.ActiveCfg = Release|iPhone
		{3F3182BB-3379-43E3-ADE6-F1F13529AB4D}.Ad-Hoc|Any CPU.ActiveCfg = Release|x86
		{3F3182BB-3379-43E3-ADE6-F1F13529AB4D}.Ad-Hoc|Any CPU.Build.0 = Release|x86
		{3F3182BB-3379-43E3-ADE6-F1F13529AB4D}.Ad-Hoc|Any CPU.Deploy.0 = Release|x86
		{3F3182BB-3379-43E3-ADE6-F1F13529AB4D}.Ad-Hoc|ARM.ActiveCfg = Release|ARM
		{3F3182BB-3379-43E3-ADE6-F1F13529AB4D}.Ad-Hoc|ARM.Build.0 = Release|ARM
		{3F3182BB-3379-43E3-ADE6-F1F13529AB4D}.Ad-Hoc|ARM.Deploy.0 = Release|ARM
		{3F3182BB-3379-43E3-ADE6-F1F13529AB4D}.Ad-Hoc|iPhone.ActiveCfg = Release|x86
		{3F3182BB-3379-43E3-ADE6-F1F13529AB4D}.Ad-Hoc|iPhone.Build.0 = Release|x86
		{3F3182BB-3379-43E3-ADE6-F1F13529AB4D}.Ad-Hoc|iPhone.Deploy.0 = Release|x86
		{3F3182BB-3379-43E3-ADE6-F1F13529AB4D}.Ad-Hoc|iPhoneSimulator.ActiveCfg = Release|x86
		{3F3182BB-3379-43E3-ADE6-F1F13529AB4D}.Ad-Hoc|iPhoneSimulator.Build.0 = Release|x86
		{3F3182BB-3379-43E3-ADE6-F1F13529AB4D}.Ad-Hoc|iPhoneSimulator.Deploy.0 = Release|x86
		{3F3182BB-3379-43E3-ADE6-F1F13529AB4D}.Ad-Hoc|x64.ActiveCfg = Release|x64
		{3F3182BB-3379-43E3-ADE6-F1F13529AB4D}.Ad-Hoc|x64.Build.0 = Release|x64
		{3F3182BB-3379-43E3-ADE6-F1F13529AB4D}.Ad-Hoc|x64.Deploy.0 = Release|x64
		{3F3182BB-3379-43E3-ADE6-F1F13529AB4D}.Ad-Hoc|x86.ActiveCfg = Release|x86
		{3F3182BB-3379-43E3-ADE6-F1F13529AB4D}.Ad-Hoc|x86.Build.0 = Release|x86
		{3F3182BB-3379-43E3-ADE6-F1F13529AB4D}.Ad-Hoc|x86.Deploy.0 = Release|x86
		{3F3182BB-3379-43E3-ADE6-F1F13529AB4D}.AppStore|Any CPU.ActiveCfg = Release|x86
		{3F3182BB-3379-43E3-ADE6-F1F13529AB4D}.AppStore|Any CPU.Build.0 = Release|x86
		{3F3182BB-3379-43E3-ADE6-F1F13529AB4D}.AppStore|Any CPU.Deploy.0 = Release|x86
		{3F3182BB-3379-43E3-ADE6-F1F13529AB4D}.AppStore|ARM.ActiveCfg = Release|ARM
		{3F3182BB-3379-43E3-ADE6-F1F13529AB4D}.AppStore|ARM.Build.0 = Release|ARM
		{3F3182BB-3379-43E3-ADE6-F1F13529AB4D}.AppStore|ARM.Deploy.0 = Release|ARM
		{3F3182BB-3379-43E3-ADE6-F1F13529AB4D}.AppStore|iPhone.ActiveCfg = Release|x86
		{3F3182BB-3379-43E3-ADE6-F1F13529AB4D}.AppStore|iPhone.Build.0 = Release|x86
		{3F3182BB-3379-43E3-ADE6-F1F13529AB4D}.AppStore|iPhone.Deploy.0 = Release|x86
		{3F3182BB-3379-43E3-ADE6-F1F13529AB4D}.AppStore|iPhoneSimulator.ActiveCfg = Release|x86
		{3F3182BB-3379-43E3-ADE6-F1F13529AB4D}.AppStore|iPhoneSimulator.Build.0 = Release|x86
		{3F3182BB-3379-43E3-ADE6-F1F13529AB4D}.AppStore|iPhoneSimulator.Deploy.0 = Release|x86
		{3F3182BB-3379-43E3-ADE6-F1F13529AB4D}.AppStore|x64.ActiveCfg = Release|x64
		{3F3182BB-3379-43E3-ADE6-F1F13529AB4D}.AppStore|x64.Build.0 = Release|x64
		{3F3182BB-3379-43E3-ADE6-F1F13529AB4D}.AppStore|x64.Deploy.0 = Release|x64
		{3F3182BB-3379-43E3-ADE6-F1F13529AB4D}.AppStore|x86.ActiveCfg = Release|x86
		{3F3182BB-3379-43E3-ADE6-F1F13529AB4D}.AppStore|x86.Build.0 = Release|x86
		{3F3182BB-3379-43E3-ADE6-F1F13529AB4D}.AppStore|x86.Deploy.0 = Release|x86
		{3F3182BB-3379-43E3-ADE6-F1F13529AB4D}.Debug|Any CPU.ActiveCfg = Debug|x86
		{3F3182BB-3379-43E3-ADE6-F1F13529AB4D}.Debug|ARM.ActiveCfg = Debug|ARM
		{3F3182BB-3379-43E3-ADE6-F1F13529AB4D}.Debug|ARM.Build.0 = Debug|ARM
		{3F3182BB-3379-43E3-ADE6-F1F13529AB4D}.Debug|ARM.Deploy.0 = Debug|ARM
		{3F3182BB-3379-43E3-ADE6-F1F13529AB4D}.Debug|iPhone.ActiveCfg = Debug|x86
		{3F3182BB-3379-43E3-ADE6-F1F13529AB4D}.Debug|iPhoneSimulator.ActiveCfg = Debug|x86
		{3F3182BB-3379-43E3-ADE6-F1F13529AB4D}.Debug|x64.ActiveCfg = Debug|x64
		{3F3182BB-3379-43E3-ADE6-F1F13529AB4D}.Debug|x64.Build.0 = Debug|x64
		{3F3182BB-3379-43E3-ADE6-F1F13529AB4D}.Debug|x64.Deploy.0 = Debug|x64
		{3F3182BB-3379-43E3-ADE6-F1F13529AB4D}.Debug|x86.ActiveCfg = Debug|x86
		{3F3182BB-3379-43E3-ADE6-F1F13529AB4D}.Debug|x86.Build.0 = Debug|x86
		{3F3182BB-3379-43E3-ADE6-F1F13529AB4D}.Debug|x86.Deploy.0 = Debug|x86
		{3F3182BB-3379-43E3-ADE6-F1F13529AB4D}.Release|Any CPU.ActiveCfg = Release|x86
		{3F3182BB-3379-43E3-ADE6-F1F13529AB4D}.Release|ARM.ActiveCfg = Release|ARM
		{3F3182BB-3379-43E3-ADE6-F1F13529AB4D}.Release|ARM.Build.0 = Release|ARM
		{3F3182BB-3379-43E3-ADE6-F1F13529AB4D}.Release|ARM.Deploy.0 = Release|ARM
		{3F3182BB-3379-43E3-ADE6-F1F13529AB4D}.Release|iPhone.ActiveCfg = Release|x86
		{3F3182BB-3379-43E3-ADE6-F1F13529AB4D}.Release|iPhoneSimulator.ActiveCfg = Release|x86
		{3F3182BB-3379-43E3-ADE6-F1F13529AB4D}.Release|x64.ActiveCfg = Release|x64
		{3F3182BB-3379-43E3-ADE6-F1F13529AB4D}.Release|x64.Build.0 = Release|x64
		{3F3182BB-3379-43E3-ADE6-F1F13529AB4D}.Release|x64.Deploy.0 = Release|x64
		{3F3182BB-3379-43E3-ADE6-F1F13529AB4D}.Release|x86.ActiveCfg = Release|x86
		{3F3182BB-3379-43E3-ADE6-F1F13529AB4D}.Release|x86.Build.0 = Release|x86
		{3F3182BB-3379-43E3-ADE6-F1F13529AB4D}.Release|x86.Deploy.0 = Release|x86
		{75768D4C-24B0-4B38-A9FA-EEADA7E46709}.Ad-Hoc|Any CPU.ActiveCfg = Debug|Any CPU
		{75768D4C-24B0-4B38-A9FA-EEADA7E46709}.Ad-Hoc|Any CPU.Build.0 = Debug|Any CPU
		{75768D4C-24B0-4B38-A9FA-EEADA7E46709}.Ad-Hoc|ARM.ActiveCfg = Debug|Any CPU
		{75768D4C-24B0-4B38-A9FA-EEADA7E46709}.Ad-Hoc|ARM.Build.0 = Debug|Any CPU
		{75768D4C-24B0-4B38-A9FA-EEADA7E46709}.Ad-Hoc|iPhone.ActiveCfg = Debug|Any CPU
		{75768D4C-24B0-4B38-A9FA-EEADA7E46709}.Ad-Hoc|iPhone.Build.0 = Debug|Any CPU
		{75768D4C-24B0-4B38-A9FA-EEADA7E46709}.Ad-Hoc|iPhoneSimulator.ActiveCfg = Debug|Any CPU
		{75768D4C-24B0-4B38-A9FA-EEADA7E46709}.Ad-Hoc|iPhoneSimulator.Build.0 = Debug|Any CPU
		{75768D4C-24B0-4B38-A9FA-EEADA7E46709}.Ad-Hoc|x64.ActiveCfg = Debug|Any CPU
		{75768D4C-24B0-4B38-A9FA-EEADA7E46709}.Ad-Hoc|x64.Build.0 = Debug|Any CPU
		{75768D4C-24B0-4B38-A9FA-EEADA7E46709}.Ad-Hoc|x86.ActiveCfg = Debug|Any CPU
		{75768D4C-24B0-4B38-A9FA-EEADA7E46709}.Ad-Hoc|x86.Build.0 = Debug|Any CPU
		{75768D4C-24B0-4B38-A9FA-EEADA7E46709}.AppStore|Any CPU.ActiveCfg = Debug|Any CPU
		{75768D4C-24B0-4B38-A9FA-EEADA7E46709}.AppStore|Any CPU.Build.0 = Debug|Any CPU
		{75768D4C-24B0-4B38-A9FA-EEADA7E46709}.AppStore|ARM.ActiveCfg = Debug|Any CPU
		{75768D4C-24B0-4B38-A9FA-EEADA7E46709}.AppStore|ARM.Build.0 = Debug|Any CPU
		{75768D4C-24B0-4B38-A9FA-EEADA7E46709}.AppStore|iPhone.ActiveCfg = Debug|Any CPU
		{75768D4C-24B0-4B38-A9FA-EEADA7E46709}.AppStore|iPhone.Build.0 = Debug|Any CPU
		{75768D4C-24B0-4B38-A9FA-EEADA7E46709}.AppStore|iPhoneSimulator.ActiveCfg = Debug|Any CPU
		{75768D4C-24B0-4B38-A9FA-EEADA7E46709}.AppStore|iPhoneSimulator.Build.0 = Debug|Any CPU
		{75768D4C-24B0-4B38-A9FA-EEADA7E46709}.AppStore|x64.ActiveCfg = Debug|Any CPU
		{75768D4C-24B0-4B38-A9FA-EEADA7E46709}.AppStore|x64.Build.0 = Debug|Any CPU
		{75768D4C-24B0-4B38-A9FA-EEADA7E46709}.AppStore|x86.ActiveCfg = Debug|Any CPU
		{75768D4C-24B0-4B38-A9FA-EEADA7E46709}.AppStore|x86.Build.0 = Debug|Any CPU
		{75768D4C-24B0-4B38-A9FA-EEADA7E46709}.Debug|Any CPU.ActiveCfg = Debug|Any CPU
		{75768D4C-24B0-4B38-A9FA-EEADA7E46709}.Debug|Any CPU.Build.0 = Debug|Any CPU
		{75768D4C-24B0-4B38-A9FA-EEADA7E46709}.Debug|ARM.ActiveCfg = Debug|Any CPU
		{75768D4C-24B0-4B38-A9FA-EEADA7E46709}.Debug|ARM.Build.0 = Debug|Any CPU
		{75768D4C-24B0-4B38-A9FA-EEADA7E46709}.Debug|iPhone.ActiveCfg = Debug|Any CPU
		{75768D4C-24B0-4B38-A9FA-EEADA7E46709}.Debug|iPhone.Build.0 = Debug|Any CPU
		{75768D4C-24B0-4B38-A9FA-EEADA7E46709}.Debug|iPhoneSimulator.ActiveCfg = Debug|Any CPU
		{75768D4C-24B0-4B38-A9FA-EEADA7E46709}.Debug|iPhoneSimulator.Build.0 = Debug|Any CPU
		{75768D4C-24B0-4B38-A9FA-EEADA7E46709}.Debug|x64.ActiveCfg = Debug|Any CPU
		{75768D4C-24B0-4B38-A9FA-EEADA7E46709}.Debug|x64.Build.0 = Debug|Any CPU
		{75768D4C-24B0-4B38-A9FA-EEADA7E46709}.Debug|x86.ActiveCfg = Debug|Any CPU
		{75768D4C-24B0-4B38-A9FA-EEADA7E46709}.Debug|x86.Build.0 = Debug|Any CPU
		{75768D4C-24B0-4B38-A9FA-EEADA7E46709}.Release|Any CPU.ActiveCfg = Release|Any CPU
		{75768D4C-24B0-4B38-A9FA-EEADA7E46709}.Release|Any CPU.Build.0 = Release|Any CPU
		{75768D4C-24B0-4B38-A9FA-EEADA7E46709}.Release|ARM.ActiveCfg = Release|Any CPU
		{75768D4C-24B0-4B38-A9FA-EEADA7E46709}.Release|ARM.Build.0 = Release|Any CPU
		{75768D4C-24B0-4B38-A9FA-EEADA7E46709}.Release|iPhone.ActiveCfg = Release|Any CPU
		{75768D4C-24B0-4B38-A9FA-EEADA7E46709}.Release|iPhone.Build.0 = Release|Any CPU
		{75768D4C-24B0-4B38-A9FA-EEADA7E46709}.Release|iPhoneSimulator.ActiveCfg = Release|Any CPU
		{75768D4C-24B0-4B38-A9FA-EEADA7E46709}.Release|iPhoneSimulator.Build.0 = Release|Any CPU
		{75768D4C-24B0-4B38-A9FA-EEADA7E46709}.Release|x64.ActiveCfg = Release|Any CPU
		{75768D4C-24B0-4B38-A9FA-EEADA7E46709}.Release|x64.Build.0 = Release|Any CPU
		{75768D4C-24B0-4B38-A9FA-EEADA7E46709}.Release|x86.ActiveCfg = Release|Any CPU
		{75768D4C-24B0-4B38-A9FA-EEADA7E46709}.Release|x86.Build.0 = Release|Any CPU
	EndGlobalSection
	GlobalSection(SolutionProperties) = preSolution
		HideSolutionNode = FALSE
	EndGlobalSection
	GlobalSection(ExtensibilityGlobals) = postSolution
		SolutionGuid = {A469BC88-0AC6-4046-8628-330BB1F62B8D}
	EndGlobalSection
EndGlobal
